# This file is autogenerated, do not edit; changes may be undone by the next 'dep ensure'.


[[projects]]
  branch = "master"
  digest = "1:85ceb7046447e3f5cf21c621ec137b23eb8d02ae9b585dd5c22d65543a0f3020"
  name = "github.com/xrash/smetrics"
  packages = ["."]
  pruneopts = "UT"
  revision = "a3153f7040e90324c58c6287535e26a0ac5c1cc1"

[solve-meta]
  analyzer-name = "dep"
  analyzer-version = 1
  input-imports = ["github.com/xrash/smetrics"]
  solver-name = "gps-cdcl"
  solver-version = 1
